
Microsoft Visual Studio Solution File, Format Version 12.00
# Visual Studio Version 16
VisualStudioVersion = 16.0.30717.126
MinimumVisualStudioVersion = 10.0.40219.1
Project("{FAE04EC0-301F-11D3-BF4B-00C04F79EFBC}") = "Social API", "Social API\Social API.csproj", "{49414B3F-4004-405B-BD47-F8B3CB95290F}"
EndProject
Global
	GlobalSection(SolutionConfigurationPlatforms) = preSolution
		Debug|Any CPU = Debug|Any CPU
		Release|Any CPU = Release|Any CPU
	EndGlobalSection
	GlobalSection(ProjectConfigurationPlatforms) = postSolution
		{49414B3F-4004-405B-BD47-F8B3CB95290F}.Debug|Any CPU.ActiveCfg = Debug|Any CPU
		{49414B3F-4004-405B-BD47-F8B3CB95290F}.Debug|Any CPU.Build.0 = Debug|Any CPU
		{49414B3F-4004-405B-BD47-F8B3CB95290F}.Release|Any CPU.ActiveCfg = Release|Any CPU
		{49414B3F-4004-405B-BD47-F8B3CB95290F}.Release|Any CPU.Build.0 = Release|Any CPU
	EndGlobalSection
	GlobalSection(SolutionProperties) = preSolution
		HideSolutionNode = FALSE
	EndGlobalSection
	GlobalSection(ExtensibilityGlobals) = postSolution
		SolutionGuid = {CECC6A7D-4981-4C2D-BEC1-9B784D03E159}
	EndGlobalSection
EndGlobal
